{
  "name": "FilmDuckers",
  "lockfileVersion": 3,
  "requires": true,
  "packages": {
    "": {
      "dependencies": {
        "@silvia-odwyer/photon": "^0.3.2"
      }
    },
    "node_modules/@silvia-odwyer/photon": {
      "version": "0.3.2",
      "resolved": "https://registry.npmjs.org/@silvia-odwyer/photon/-/photon-0.3.2.tgz",
      "integrity": "sha512-1h5MFDyu4WYQwbFYtHcAl4FWxEZncgdo/tQFmrsiIiIglRt4R+VTiRrplDS+kCofEaafjXkwdXP1fRwh/pgA5A==",
      "license": "Apache-2.0"
    }
  }
}
